
Microsoft Visual Studio Solution File, Format Version 12.00
# Visual Studio Version 16
VisualStudioVersion = 16.0.32510.428
MinimumVisualStudioVersion = 10.0.40219.1
Project("{FAE04EC0-301F-11D3-BF4B-00C04F79EFBC}") = "SuperAdventure", "SuperAdventure.csproj", "{330614C2-87E4-4A83-9645-35D17C31596B}"
EndProject
Project("{FAE04EC0-301F-11D3-BF4B-00C04F79EFBC}") = "Engine", "..\Engine\Engine.csproj", "{E383750E-885C-49AA-A67E-67C16075CDB8}"
EndProject
Global
	GlobalSection(SolutionConfigurationPlatforms) = preSolution
		Debug|Any CPU = Debug|Any CPU
		Release|Any CPU = Release|Any CPU
	EndGlobalSection
	GlobalSection(ProjectConfigurationPlatforms) = postSolution
		{330614C2-87E4-4A83-9645-35D17C31596B}.Debug|Any CPU.ActiveCfg = Debug|Any CPU
		{330614C2-87E4-4A83-9645-35D17C31596B}.Debug|Any CPU.Build.0 = Debug|Any CPU
		{330614C2-87E4-4A83-9645-35D17C31596B}.Release|Any CPU.ActiveCfg = Release|Any CPU
		{330614C2-87E4-4A83-9645-35D17C31596B}.Release|Any CPU.Build.0 = Release|Any CPU
		{E383750E-885C-49AA-A67E-67C16075CDB8}.Debug|Any CPU.ActiveCfg = Debug|Any CPU
		{E383750E-885C-49AA-A67E-67C16075CDB8}.Debug|Any CPU.Build.0 = Debug|Any CPU
		{E383750E-885C-49AA-A67E-67C16075CDB8}.Release|Any CPU.ActiveCfg = Release|Any CPU
		{E383750E-885C-49AA-A67E-67C16075CDB8}.Release|Any CPU.Build.0 = Release|Any CPU
	EndGlobalSection
	GlobalSection(SolutionProperties) = preSolution
		HideSolutionNode = FALSE
	EndGlobalSection
	GlobalSection(ExtensibilityGlobals) = postSolution
		SolutionGuid = {E09D62D2-7C1E-4CC3-8A16-7FDDCD1AD6AC}
	EndGlobalSection
EndGlobal
